
Microsoft Visual Studio Solution File, Format Version 12.00
# Visual Studio Version 17
VisualStudioVersion = 17.5.33414.496
MinimumVisualStudioVersion = 10.0.40219.1
Project("{2150E333-8FDC-42A3-9474-1A3956D46DE8}") = "src", "src", "{7C114EA3-9901-48B3-ADCC-E2D4EC3ABBC6}"
EndProject
Project("{9A19103F-16F7-4668-BE54-9A1E7A4F7556}") = "WebService", "src\WebService\WebService.csproj", "{C5DAE1A0-3799-4642-8C9A-A5B430805A41}"
EndProject
Project("{2150E333-8FDC-42A3-9474-1A3956D46DE8}") = "test", "test", "{D60A0E8A-EE71-4AD0-9D87-CED8A7DD3139}"
EndProject
Project("{9A19103F-16F7-4668-BE54-9A1E7A4F7556}") = "WebService.Tests", "test\WebService.Tests\WebService.Tests.csproj", "{92C49012-5E49-452C-B43D-FCEC67C36423}"
EndProject
Global
	GlobalSection(SolutionConfigurationPlatforms) = preSolution
		Debug|Any CPU = Debug|Any CPU
		Release|Any CPU = Release|Any CPU
	EndGlobalSection
	GlobalSection(ProjectConfigurationPlatforms) = postSolution
		{C5DAE1A0-3799-4642-8C9A-A5B430805A41}.Debug|Any CPU.ActiveCfg = Debug|Any CPU
		{C5DAE1A0-3799-4642-8C9A-A5B430805A41}.Debug|Any CPU.Build.0 = Debug|Any CPU
		{C5DAE1A0-3799-4642-8C9A-A5B430805A41}.Release|Any CPU.ActiveCfg = Release|Any CPU
		{C5DAE1A0-3799-4642-8C9A-A5B430805A41}.Release|Any CPU.Build.0 = Release|Any CPU
		{92C49012-5E49-452C-B43D-FCEC67C36423}.Debug|Any CPU.ActiveCfg = Debug|Any CPU
		{92C49012-5E49-452C-B43D-FCEC67C36423}.Debug|Any CPU.Build.0 = Debug|Any CPU
		{92C49012-5E49-452C-B43D-FCEC67C36423}.Release|Any CPU.ActiveCfg = Release|Any CPU
		{92C49012-5E49-452C-B43D-FCEC67C36423}.Release|Any CPU.Build.0 = Release|Any CPU
	EndGlobalSection
	GlobalSection(SolutionProperties) = preSolution
		HideSolutionNode = FALSE
	EndGlobalSection
	GlobalSection(NestedProjects) = preSolution
		{C5DAE1A0-3799-4642-8C9A-A5B430805A41} = {7C114EA3-9901-48B3-ADCC-E2D4EC3ABBC6}
		{92C49012-5E49-452C-B43D-FCEC67C36423} = {D60A0E8A-EE71-4AD0-9D87-CED8A7DD3139}
	EndGlobalSection
	GlobalSection(ExtensibilityGlobals) = postSolution
		SolutionGuid = {99F56B7A-C13A-4DCA-AAD6-7B84FE4D2C60}
	EndGlobalSection
EndGlobal
